
Microsoft Visual Studio Solution File, Format Version 12.00
# Visual Studio Version 16
VisualStudioVersion = 16.0.31729.503
MinimumVisualStudioVersion = 10.0.40219.1
Project("{FAE04EC0-301F-11D3-BF4B-00C04F79EFBC}") = "Browser", "Browser.csproj", "{F2532975-5AFE-4D2A-9BA6-B22D2E408F59}"
EndProject
Global
	GlobalSection(SolutionConfigurationPlatforms) = preSolution
		Debug|Any CPU = Debug|Any CPU
		Release|Any CPU = Release|Any CPU
	EndGlobalSection
	GlobalSection(ProjectConfigurationPlatforms) = postSolution
		{F2532975-5AFE-4D2A-9BA6-B22D2E408F59}.Debug|Any CPU.ActiveCfg = Debug|Any CPU
		{F2532975-5AFE-4D2A-9BA6-B22D2E408F59}.Debug|Any CPU.Build.0 = Debug|Any CPU
		{F2532975-5AFE-4D2A-9BA6-B22D2E408F59}.Release|Any CPU.ActiveCfg = Release|Any CPU
		{F2532975-5AFE-4D2A-9BA6-B22D2E408F59}.Release|Any CPU.Build.0 = Release|Any CPU
	EndGlobalSection
	GlobalSection(SolutionProperties) = preSolution
		HideSolutionNode = FALSE
	EndGlobalSection
	GlobalSection(ExtensibilityGlobals) = postSolution
		SolutionGuid = {2410AD08-9152-42B4-BB72-46E34B625923}
	EndGlobalSection
EndGlobal
